
Microsoft Visual Studio Solution File, Format Version 12.00
# Visual Studio Version 17
VisualStudioVersion = 17.4.33122.133
MinimumVisualStudioVersion = 10.0.40219.1
Project("{FAE04EC0-301F-11D3-BF4B-00C04F79EFBC}") = "Years-In-Range", "Years-In-Range.csproj", "{0F3BD1EB-4108-4371-A60C-05567BDD4F26}"
EndProject
Global
	GlobalSection(SolutionConfigurationPlatforms) = preSolution
		Debug|Any CPU = Debug|Any CPU
		Release|Any CPU = Release|Any CPU
	EndGlobalSection
	GlobalSection(ProjectConfigurationPlatforms) = postSolution
		{0F3BD1EB-4108-4371-A60C-05567BDD4F26}.Debug|Any CPU.ActiveCfg = Debug|Any CPU
		{0F3BD1EB-4108-4371-A60C-05567BDD4F26}.Debug|Any CPU.Build.0 = Debug|Any CPU
		{0F3BD1EB-4108-4371-A60C-05567BDD4F26}.Release|Any CPU.ActiveCfg = Release|Any CPU
		{0F3BD1EB-4108-4371-A60C-05567BDD4F26}.Release|Any CPU.Build.0 = Release|Any CPU
	EndGlobalSection
	GlobalSection(SolutionProperties) = preSolution
		HideSolutionNode = FALSE
	EndGlobalSection
	GlobalSection(ExtensibilityGlobals) = postSolution
		SolutionGuid = {1F6479EA-D621-485F-AB49-F7F7675E9CA2}
	EndGlobalSection
EndGlobal
