
Microsoft Visual Studio Solution File, Format Version 12.00
# Visual Studio Version 17
VisualStudioVersion = 17.4.33122.133
MinimumVisualStudioVersion = 10.0.40219.1
Project("{FAE04EC0-301F-11D3-BF4B-00C04F79EFBC}") = "ConsoleApp1", "ConsoleApp1.csproj", "{5A717A21-5D6D-478D-AA92-EDACC8404B38}"
EndProject
Global
	GlobalSection(SolutionConfigurationPlatforms) = preSolution
		Debug|Any CPU = Debug|Any CPU
		Release|Any CPU = Release|Any CPU
	EndGlobalSection
	GlobalSection(ProjectConfigurationPlatforms) = postSolution
		{5A717A21-5D6D-478D-AA92-EDACC8404B38}.Debug|Any CPU.ActiveCfg = Debug|Any CPU
		{5A717A21-5D6D-478D-AA92-EDACC8404B38}.Debug|Any CPU.Build.0 = Debug|Any CPU
		{5A717A21-5D6D-478D-AA92-EDACC8404B38}.Release|Any CPU.ActiveCfg = Release|Any CPU
		{5A717A21-5D6D-478D-AA92-EDACC8404B38}.Release|Any CPU.Build.0 = Release|Any CPU
	EndGlobalSection
	GlobalSection(SolutionProperties) = preSolution
		HideSolutionNode = FALSE
	EndGlobalSection
	GlobalSection(ExtensibilityGlobals) = postSolution
		SolutionGuid = {8672C5B0-E361-4A07-90EC-69ECAA25CDD6}
	EndGlobalSection
EndGlobal
